Microsoft Visual Studio Solution File, Format Version 12.00
# Visual Studio Version 17
VisualStudioVersion = 17.5.2.0
MinimumVisualStudioVersion = 10.0.40219.1
Project("{FAE04EC0-301F-11D3-BF4B-00C04F79EFBC}") = "UrlShortener.API", "UrlShortener.API\UrlShortener.API.csproj", "{FEF440F0-CF56-1FD5-FE1B-1B0F26F4DE9F}"
EndProject
Project("{FAE04EC0-301F-11D3-BF4B-00C04F79EFBC}") = "UrlShortener.Domain", "UrlShortener.Domain\UrlShortener.Domain.csproj", "{CAD448AA-AE04-49A0-B332-7445CF0FF513}"
EndProject
Global
	GlobalSection(SolutionConfigurationPlatforms) = preSolution
		Debug|Any CPU = Debug|Any CPU
		Release|Any CPU = Release|Any CPU
	EndGlobalSection
	GlobalSection(ProjectConfigurationPlatforms) = postSolution
		{FEF440F0-CF56-1FD5-FE1B-1B0F26F4DE9F}.Debug|Any CPU.ActiveCfg = Debug|Any CPU
		{FEF440F0-CF56-1FD5-FE1B-1B0F26F4DE9F}.Debug|Any CPU.Build.0 = Debug|Any CPU
		{FEF440F0-CF56-1FD5-FE1B-1B0F26F4DE9F}.Release|Any CPU.ActiveCfg = Release|Any CPU
		{FEF440F0-CF56-1FD5-FE1B-1B0F26F4DE9F}.Release|Any CPU.Build.0 = Release|Any CPU
		{CAD448AA-AE04-49A0-B332-7445CF0FF513}.Debug|Any CPU.ActiveCfg = Debug|Any CPU
		{CAD448AA-AE04-49A0-B332-7445CF0FF513}.Debug|Any CPU.Build.0 = Debug|Any CPU
		{CAD448AA-AE04-49A0-B332-7445CF0FF513}.Release|Any CPU.ActiveCfg = Release|Any CPU
		{CAD448AA-AE04-49A0-B332-7445CF0FF513}.Release|Any CPU.Build.0 = Release|Any CPU
	EndGlobalSection
	GlobalSection(SolutionProperties) = preSolution
		HideSolutionNode = FALSE
	EndGlobalSection
	GlobalSection(ExtensibilityGlobals) = postSolution
		SolutionGuid = {F441A81C-CAAE-47EC-8613-28ABA591B7B9}
	EndGlobalSection
EndGlobal
